
Microsoft Visual Studio Solution File, Format Version 12.00
# Visual Studio Version 17
VisualStudioVersion = 17.8.34309.116
MinimumVisualStudioVersion = 10.0.40219.1
Project("{FAE04EC0-301F-11D3-BF4B-00C04F79EFBC}") = "TelegramBotService", "TelegramBotService\TelegramBotService.csproj", "{7B4C3E49-A143-4593-BB75-11D8491E7339}"
EndProject
Global
	GlobalSection(SolutionConfigurationPlatforms) = preSolution
		Debug|Any CPU = Debug|Any CPU
		Release|Any CPU = Release|Any CPU
	EndGlobalSection
	GlobalSection(ProjectConfigurationPlatforms) = postSolution
		{7B4C3E49-A143-4593-BB75-11D8491E7339}.Debug|Any CPU.ActiveCfg = Debug|Any CPU
		{7B4C3E49-A143-4593-BB75-11D8491E7339}.Debug|Any CPU.Build.0 = Debug|Any CPU
		{7B4C3E49-A143-4593-BB75-11D8491E7339}.Release|Any CPU.ActiveCfg = Release|Any CPU
		{7B4C3E49-A143-4593-BB75-11D8491E7339}.Release|Any CPU.Build.0 = Release|Any CPU
	EndGlobalSection
	GlobalSection(SolutionProperties) = preSolution
		HideSolutionNode = FALSE
	EndGlobalSection
	GlobalSection(ExtensibilityGlobals) = postSolution
		SolutionGuid = {496E99F4-E680-4BE2-ADE3-37BE07A8A97B}
	EndGlobalSection
EndGlobal
